
Microsoft Visual Studio Solution File, Format Version 12.00
# Visual Studio Version 17
VisualStudioVersion = 17.8.34511.84
MinimumVisualStudioVersion = 10.0.40219.1
Project("{FAE04EC0-301F-11D3-BF4B-00C04F79EFBC}") = "chat_wind_forms", "chat_wind_forms\chat_wind_forms.csproj", "{91259B77-0971-4C7B-8B4F-061FD3C1D09E}"
EndProject
Global
	GlobalSection(SolutionConfigurationPlatforms) = preSolution
		Debug|Any CPU = Debug|Any CPU
		Release|Any CPU = Release|Any CPU
	EndGlobalSection
	GlobalSection(ProjectConfigurationPlatforms) = postSolution
		{91259B77-0971-4C7B-8B4F-061FD3C1D09E}.Debug|Any CPU.ActiveCfg = Debug|Any CPU
		{91259B77-0971-4C7B-8B4F-061FD3C1D09E}.Debug|Any CPU.Build.0 = Debug|Any CPU
		{91259B77-0971-4C7B-8B4F-061FD3C1D09E}.Release|Any CPU.ActiveCfg = Release|Any CPU
		{91259B77-0971-4C7B-8B4F-061FD3C1D09E}.Release|Any CPU.Build.0 = Release|Any CPU
	EndGlobalSection
	GlobalSection(SolutionProperties) = preSolution
		HideSolutionNode = FALSE
	EndGlobalSection
	GlobalSection(ExtensibilityGlobals) = postSolution
		SolutionGuid = {DD7F8073-30C9-47DA-BBEF-BDCB87456FBE}
	EndGlobalSection
EndGlobal
